
Microsoft Visual Studio Solution File, Format Version 12.00
# Visual Studio 14
VisualStudioVersion = 14.0.25420.1
MinimumVisualStudioVersion = 10.0.40219.1
Project("{FAE04EC0-301F-11D3-BF4B-00C04F79EFBC}") = "HelloCSharp", "HelloCSharp\HelloCSharp.csproj", "{C731617D-AD24-4117-8F66-1E5122235FFF}"
EndProject
Project("{FAE04EC0-301F-11D3-BF4B-00C04F79EFBC}") = "SayHelloToMe", "SayHelloToMe\SayHelloToMe.csproj", "{E37529E7-926B-40BA-BDF0-DA38EE0650C9}"
EndProject
Project("{FAE04EC0-301F-11D3-BF4B-00C04F79EFBC}") = "PrintNumbers", "PrintNumbers\PrintNumbers.csproj", "{FD95F14A-D601-441C-9AF1-326D61A0BBCE}"
EndProject
Project("{FAE04EC0-301F-11D3-BF4B-00C04F79EFBC}") = "SquareRoot", "SquareRoot\SquareRoot.csproj", "{6B09078A-44B2-4213-94D8-BD629202ECB8}"
EndProject
Project("{FAE04EC0-301F-11D3-BF4B-00C04F79EFBC}") = "PrintSequence", "PrintSequence\PrintSequence.csproj", "{35C37772-FF17-43E2-8119-BA025B76EBCD}"
EndProject
Project("{FAE04EC0-301F-11D3-BF4B-00C04F79EFBC}") = "Age", "Age\Age.csproj", "{10BFB26B-D6F3-4B44-BE69-94C420B79C87}"
EndProject
Project("{FAE04EC0-301F-11D3-BF4B-00C04F79EFBC}") = "MyFristVariable", "MyFristVariable\MyFristVariable.csproj", "{1DE0A77E-5BED-48C9-BED0-AB1AF526C5F3}"
EndProject
Project("{FAE04EC0-301F-11D3-BF4B-00C04F79EFBC}") = "CanComputerDoMaths", "CanComputerDoMaths\CanComputerDoMaths.csproj", "{CA9383E9-1178-4390-BFFE-31F3FEED87CB}"
EndProject
Project("{FAE04EC0-301F-11D3-BF4B-00C04F79EFBC}") = "SomeChars", "SomeChars\SomeChars.csproj", "{9955E4FF-89E4-4BCE-AB1E-AC9D272EB3C8}"
EndProject
Project("{FAE04EC0-301F-11D3-BF4B-00C04F79EFBC}") = "SomeStrings", "SomeStrings\SomeStrings.csproj", "{D3DD5D80-2441-4616-9AD3-2035C970D51E}"
EndProject
Project("{FAE04EC0-301F-11D3-BF4B-00C04F79EFBC}") = "Objects", "Objects\Objects.csproj", "{F36F8490-1ED1-4B5A-B93E-CE4F60E9034B}"
EndProject
Project("{FAE04EC0-301F-11D3-BF4B-00C04F79EFBC}") = "AssigningValues", "AssigningValues\AssigningValues.csproj", "{F95BE01D-0F17-49EB-AECC-4976FC2D04BD}"
EndProject
Project("{FAE04EC0-301F-11D3-BF4B-00C04F79EFBC}") = "NullableTypes", "NullableTypes\NullableTypes.csproj", "{82CD8E81-3381-4E03-BCCB-80376771B489}"
EndProject
Project("{FAE04EC0-301F-11D3-BF4B-00C04F79EFBC}") = "QuotesInStrings", "QuotesInStrings\QuotesInStrings.csproj", "{1F228F89-FB28-4447-B022-72DFEDAA9608}"
EndProject
Project("{FAE04EC0-301F-11D3-BF4B-00C04F79EFBC}") = "ComparingFloats", "ComparingFloats\ComparingFloats.csproj", "{895280D1-2AA9-48B1-94E0-8F1F18718EF4}"
EndProject
Project("{FAE04EC0-301F-11D3-BF4B-00C04F79EFBC}") = "PrintASCII", "PrintASCII\PrintASCII.csproj", "{B259AC09-EDCB-44EA-BCD2-E60CD9880742}"
EndProject
Project("{FAE04EC0-301F-11D3-BF4B-00C04F79EFBC}") = "OperatorsAndExpressions", "OperatorsAndExpressions\OperatorsAndExpressions.csproj", "{5BA4A35D-7B31-4764-9868-3A994AA0BE29}"
EndProject
Project("{FAE04EC0-301F-11D3-BF4B-00C04F79EFBC}") = "LogicalOperators", "LogicalOperators\LogicalOperators.csproj", "{A47C723E-95CC-48DC-857C-41E4ECD82CD8}"
EndProject
Project("{FAE04EC0-301F-11D3-BF4B-00C04F79EFBC}") = "BitwiseOperators", "BitwiseOperators\BitwiseOperators.csproj", "{8FFBFF9A-DAC0-4215-AE39-2A1D47A02F88}"
EndProject
Project("{FAE04EC0-301F-11D3-BF4B-00C04F79EFBC}") = "BitwiseShift", "BitwiseShift\BitwiseShift.csproj", "{ED437AB7-5760-43FD-8488-E041412DA02C}"
EndProject
Project("{FAE04EC0-301F-11D3-BF4B-00C04F79EFBC}") = "OddOrEven", "OddOrEven\OddOrEven.csproj", "{A3B6BB7F-85D1-441A-8726-428ADD399DC0}"
EndProject
Project("{FAE04EC0-301F-11D3-BF4B-00C04F79EFBC}") = "MoonGravity", "MoonGravity\MoonGravity.csproj", "{2E855693-4F95-412D-803C-9BC84209BB43}"
EndProject
Project("{FAE04EC0-301F-11D3-BF4B-00C04F79EFBC}") = "DevideBy7And5", "DevideBy7And5\DevideBy7And5.csproj", "{5F180410-8DC0-4B93-BF49-AC0170DB35A6}"
EndProject
Project("{FAE04EC0-301F-11D3-BF4B-00C04F79EFBC}") = "Rectangles", "Rectangles\Rectangles.csproj", "{40E9418A-5B7F-4E36-A792-CC47D19CF4F1}"
EndProject
Project("{FAE04EC0-301F-11D3-BF4B-00C04F79EFBC}") = "ThirdDigit", "ThirdDigit\ThirdDigit.csproj", "{CE15B893-2812-45E6-AE18-F40F8334A67C}"
EndProject
Project("{FAE04EC0-301F-11D3-BF4B-00C04F79EFBC}") = "FourDigits", "FourDigits\FourDigits.csproj", "{5E791E5C-C6AC-4B46-B72B-1AA0A54273A8}"
EndProject
Project("{FAE04EC0-301F-11D3-BF4B-00C04F79EFBC}") = "PrimeCheck", "PrimeCheck\PrimeCheck.csproj", "{A776EDEF-24FC-4307-BF78-F4C5E8A4695E}"
EndProject
Project("{FAE04EC0-301F-11D3-BF4B-00C04F79EFBC}") = "ThirdBit", "ThirdBit\ThirdBit.csproj", "{FF7AE547-ACD5-4A73-8A6D-E5D7BCE35590}"
EndProject
Project("{FAE04EC0-301F-11D3-BF4B-00C04F79EFBC}") = "NThBit", "NThBit\NThBit.csproj", "{1FDDDA75-98E0-4B9A-BAC5-444B17272686}"
EndProject
Project("{FAE04EC0-301F-11D3-BF4B-00C04F79EFBC}") = "ModifyBit", "ModifyBit\ModifyBit.csproj", "{6BE84F94-018C-484C-8614-36935BF574A1}"
EndProject
Project("{FAE04EC0-301F-11D3-BF4B-00C04F79EFBC}") = "ConsoleIO", "ConsoleIO\ConsoleIO.csproj", "{D334885C-5F20-4CDF-A28D-161286C2EE56}"
EndProject
Project("{FAE04EC0-301F-11D3-BF4B-00C04F79EFBC}") = "SumOf3Numbers", "SumOf3Numbers\SumOf3Numbers.csproj", "{4DDDB1E3-2E0B-42EC-A1BD-70EA9B5BBF57}"
EndProject
Project("{FAE04EC0-301F-11D3-BF4B-00C04F79EFBC}") = "CompanyInfo", "CompanyInfo\CompanyInfo.csproj", "{97CB02DD-4A27-4548-93B3-1865904D0589}"
EndProject
Project("{FAE04EC0-301F-11D3-BF4B-00C04F79EFBC}") = "Circle", "Circle\Circle.csproj", "{84702E73-8CD0-4F21-8B47-E714C39F25B6}"
EndProject
Project("{FAE04EC0-301F-11D3-BF4B-00C04F79EFBC}") = "NumberComparer", "NumberComparer\NumberComparer.csproj", "{80B650B2-78E0-4638-B742-E2FC11D38776}"
EndProject
Project("{FAE04EC0-301F-11D3-BF4B-00C04F79EFBC}") = "SumOfFiveNumbers", "SumOfFiveNumbers\SumOfFiveNumbers.csproj", "{F125B42A-5596-4E03-8E43-7B4BE09008E7}"
EndProject
Project("{FAE04EC0-301F-11D3-BF4B-00C04F79EFBC}") = "NumbersFrom1ToN", "NumbersFrom1ToN\NumbersFrom1ToN.csproj", "{04164616-87CB-4725-A117-38D19D2A0C44}"
EndProject
Project("{FAE04EC0-301F-11D3-BF4B-00C04F79EFBC}") = "SumOfNNumbers", "SumOfNNumbers\SumOfNNumbers.csproj", "{96BC601C-C7CE-4FBB-9BBE-9A71BF5AF8D3}"
EndProject
Project("{FAE04EC0-301F-11D3-BF4B-00C04F79EFBC}") = "Interval", "Interval\Interval.csproj", "{830738C4-6EAE-49E4-B1E7-8E13FB7083BC}"
EndProject
Project("{FAE04EC0-301F-11D3-BF4B-00C04F79EFBC}") = "ConditionalStatements", "ConditionalStatements\ConditionalStatements.csproj", "{403DA74A-F4F8-4759-9B57-A4C289AB89ED}"
EndProject
Project("{FAE04EC0-301F-11D3-BF4B-00C04F79EFBC}") = "ExchangeNumbers", "ExchangeNumbers\ExchangeNumbers.csproj", "{2786E644-D4AC-4342-B634-B9A3AF8ECAA8}"
EndProject
Project("{FAE04EC0-301F-11D3-BF4B-00C04F79EFBC}") = "BonusScore", "BonusScore\BonusScore.csproj", "{AD6B11D9-A130-489A-A262-C50F76E9F243}"
EndProject
Project("{FAE04EC0-301F-11D3-BF4B-00C04F79EFBC}") = "PlayCard", "PlayCard\PlayCard.csproj", "{31C49E3E-D4C3-493D-9FB9-513BFE26813D}"
EndProject
Project("{FAE04EC0-301F-11D3-BF4B-00C04F79EFBC}") = "BiggestOfThree", "BiggestOfThree\BiggestOfThree.csproj", "{DD62893C-08CA-4E49-A143-F0BABB986715}"
EndProject
Project("{FAE04EC0-301F-11D3-BF4B-00C04F79EFBC}") = "BiggestOfFive", "BiggestOfFive\BiggestOfFive.csproj", "{2E6DE381-98F8-4675-8373-B777957124C2}"
EndProject
Project("{FAE04EC0-301F-11D3-BF4B-00C04F79EFBC}") = "WhileLoop", "WhileLoop\WhileLoop.csproj", "{1257A4D8-C1C5-4EB1-B68B-7D129F3E86FF}"
EndProject
Project("{FAE04EC0-301F-11D3-BF4B-00C04F79EFBC}") = "PrimeCheckerWithWhile", "PrimeCheckerWithWhile\PrimeCheckerWithWhile.csproj", "{00F0E6D6-83F3-456A-8D95-EEE0617A3FF0}"
EndProject
Project("{FAE04EC0-301F-11D3-BF4B-00C04F79EFBC}") = "Break", "Break\Break.csproj", "{1A5B9064-B47D-456A-AC16-CAC9D3B0FF1B}"
EndProject
Project("{FAE04EC0-301F-11D3-BF4B-00C04F79EFBC}") = "DoWhileLoop", "DoWhileLoop\DoWhileLoop.csproj", "{C2517C19-CFD7-492A-84B7-F6CE2D1D0115}"
EndProject
Project("{FAE04EC0-301F-11D3-BF4B-00C04F79EFBC}") = "ForLoop", "ForLoop\ForLoop.csproj", "{4B5321F0-D026-4977-84DF-6EB17966544D}"
EndProject
Project("{FAE04EC0-301F-11D3-BF4B-00C04F79EFBC}") = "ForEach", "ForEach\ForEach.csproj", "{81ACCDF1-9555-49D4-AEE6-7B0EF83C88EE}"
EndProject
Project("{FAE04EC0-301F-11D3-BF4B-00C04F79EFBC}") = "NestedLoops", "NestedLoops\NestedLoops.csproj", "{33A3B6CD-845C-4E77-99C8-CED0BFFFBB26}"
EndProject
Project("{FAE04EC0-301F-11D3-BF4B-00C04F79EFBC}") = "NumbersFrom1ToNN", "NumbersFrom1ToNN\NumbersFrom1ToNN.csproj", "{66C54B51-16B9-49A4-913E-38C642AD370D}"
EndProject
Project("{FAE04EC0-301F-11D3-BF4B-00C04F79EFBC}") = "NotDevisibleNumbers", "NotDevisibleNumbers\NotDevisibleNumbers.csproj", "{E047D89C-70C4-4CF8-895D-9947B7F54246}"
EndProject
Project("{FAE04EC0-301F-11D3-BF4B-00C04F79EFBC}") = "MMSA", "MMSA\MMSA.csproj", "{3C1A69E4-A194-46D2-8146-9B95084E811A}"
EndProject
Project("{FAE04EC0-301F-11D3-BF4B-00C04F79EFBC}") = "PrintADeck", "PrintADeck\PrintADeck.csproj", "{D3B2CF20-D373-4965-BA9E-A1D251333D74}"
EndProject
Project("{FAE04EC0-301F-11D3-BF4B-00C04F79EFBC}") = "Calculate", "Calculate\Calculate.csproj", "{D71F9213-07FF-4042-A411-60F212434287}"
EndProject
Project("{FAE04EC0-301F-11D3-BF4B-00C04F79EFBC}") = "CalculateAgain", "CalculateAgain\CalculateAgain.csproj", "{92A1131A-364F-421A-80C7-54FA63176C50}"
EndProject
Project("{FAE04EC0-301F-11D3-BF4B-00C04F79EFBC}") = "MatrixOfNumbers", "MatrixOfNumbers\MatrixOfNumbers.csproj", "{3C7CF867-4D81-42A6-8776-EB24C6CEB708}"
EndProject
Project("{FAE04EC0-301F-11D3-BF4B-00C04F79EFBC}") = "OddOrEvenProduct", "OddOrEvenProduct\OddOrEvenProduct.csproj", "{70CDC440-37F9-43A6-A65C-A1B3CDDB035C}"
EndProject
Project("{FAE04EC0-301F-11D3-BF4B-00C04F79EFBC}") = "GCD", "GCD\GCD.csproj", "{8E2DD512-CF53-4342-950F-9E202ACBD4ED}"
EndProject
Project("{FAE04EC0-301F-11D3-BF4B-00C04F79EFBC}") = "TrailingZeroInNFactoriel", "TrailingZeroInNFactoriel\TrailingZeroInNFactoriel.csproj", "{ACC95AEB-CE60-47A8-A8A1-35829F4E55BA}"
EndProject
Project("{FAE04EC0-301F-11D3-BF4B-00C04F79EFBC}") = "Arrays", "Arrays\Arrays.csproj", "{6DDBCECE-65D9-437B-AB4D-5452B742DCBC}"
EndProject
Project("{FAE04EC0-301F-11D3-BF4B-00C04F79EFBC}") = "Lists", "Lists\Lists.csproj", "{E7D6D1FF-E77C-4103-A507-5278E1F91A08}"
EndProject
Project("{FAE04EC0-301F-11D3-BF4B-00C04F79EFBC}") = "AllocateArray", "AllocateArray\AllocateArray.csproj", "{16F17BD4-7934-4D92-AD36-E8B86DAE76DE}"
EndProject
Project("{FAE04EC0-301F-11D3-BF4B-00C04F79EFBC}") = "CompareArrays", "CompareArrays\CompareArrays.csproj", "{46AA8929-CB32-44BD-A234-C7B305AF864C}"
EndProject
Project("{FAE04EC0-301F-11D3-BF4B-00C04F79EFBC}") = "CompareCharArrays", "CompareCharArrays\CompareCharArrays.csproj", "{0154AAFA-986D-4151-80F4-71DC7D55DDB0}"
EndProject
Project("{FAE04EC0-301F-11D3-BF4B-00C04F79EFBC}") = "SelectionSortArray", "SelectionSortArray\SelectionSortArray.csproj", "{627B4ED4-891E-4EDA-84DF-D0F81E2F8D3D}"
EndProject
Project("{FAE04EC0-301F-11D3-BF4B-00C04F79EFBC}") = "MaximalSequence", "MaximalSequence\MaximalSequence.csproj", "{31C45502-5412-4E52-BCC5-FCD024C58A46}"
EndProject
Project("{FAE04EC0-301F-11D3-BF4B-00C04F79EFBC}") = "MaximalIncreasingSequence", "MaximalIncreasingSequence\MaximalIncreasingSequence.csproj", "{0B0AD596-FDE9-485C-8DC9-528921DA5B9D}"
EndProject
Project("{FAE04EC0-301F-11D3-BF4B-00C04F79EFBC}") = "MaximalKSum", "MaximalKSum\MaximalKSum.csproj", "{70F509D7-1562-4EA9-A4BC-1D001C1CF473}"
EndProject
Project("{FAE04EC0-301F-11D3-BF4B-00C04F79EFBC}") = "CSharpFundamentalsExam", "CSharpFundamentalsExam\CSharpFundamentalsExam.csproj", "{189028E5-E9B5-4778-8FC5-A7289FD3EC02}"
EndProject
Project("{FAE04EC0-301F-11D3-BF4B-00C04F79EFBC}") = "JumpJump", "JumpJump\JumpJump.csproj", "{C0B1F1A1-1515-401F-B92C-2141EF8694CB}"
EndProject
Global
	GlobalSection(SolutionConfigurationPlatforms) = preSolution
		Debug|Any CPU = Debug|Any CPU
		Release|Any CPU = Release|Any CPU
	EndGlobalSection
	GlobalSection(ProjectConfigurationPlatforms) = postSolution
		{C731617D-AD24-4117-8F66-1E5122235FFF}.Debug|Any CPU.ActiveCfg = Debug|Any CPU
		{C731617D-AD24-4117-8F66-1E5122235FFF}.Debug|Any CPU.Build.0 = Debug|Any CPU
		{C731617D-AD24-4117-8F66-1E5122235FFF}.Release|Any CPU.ActiveCfg = Release|Any CPU
		{C731617D-AD24-4117-8F66-1E5122235FFF}.Release|Any CPU.Build.0 = Release|Any CPU
		{E37529E7-926B-40BA-BDF0-DA38EE0650C9}.Debug|Any CPU.ActiveCfg = Debug|Any CPU
		{E37529E7-926B-40BA-BDF0-DA38EE0650C9}.Debug|Any CPU.Build.0 = Debug|Any CPU
		{E37529E7-926B-40BA-BDF0-DA38EE0650C9}.Release|Any CPU.ActiveCfg = Release|Any CPU
		{E37529E7-926B-40BA-BDF0-DA38EE0650C9}.Release|Any CPU.Build.0 = Release|Any CPU
		{FD95F14A-D601-441C-9AF1-326D61A0BBCE}.Debug|Any CPU.ActiveCfg = Debug|Any CPU
		{FD95F14A-D601-441C-9AF1-326D61A0BBCE}.Debug|Any CPU.Build.0 = Debug|Any CPU
		{FD95F14A-D601-441C-9AF1-326D61A0BBCE}.Release|Any CPU.ActiveCfg = Release|Any CPU
		{FD95F14A-D601-441C-9AF1-326D61A0BBCE}.Release|Any CPU.Build.0 = Release|Any CPU
		{6B09078A-44B2-4213-94D8-BD629202ECB8}.Debug|Any CPU.ActiveCfg = Debug|Any CPU
		{6B09078A-44B2-4213-94D8-BD629202ECB8}.Debug|Any CPU.Build.0 = Debug|Any CPU
		{6B09078A-44B2-4213-94D8-BD629202ECB8}.Release|Any CPU.ActiveCfg = Release|Any CPU
		{6B09078A-44B2-4213-94D8-BD629202ECB8}.Release|Any CPU.Build.0 = Release|Any CPU
		{35C37772-FF17-43E2-8119-BA025B76EBCD}.Debug|Any CPU.ActiveCfg = Debug|Any CPU
		{35C37772-FF17-43E2-8119-BA025B76EBCD}.Debug|Any CPU.Build.0 = Debug|Any CPU
		{35C37772-FF17-43E2-8119-BA025B76EBCD}.Release|Any CPU.ActiveCfg = Release|Any CPU
		{35C37772-FF17-43E2-8119-BA025B76EBCD}.Release|Any CPU.Build.0 = Release|Any CPU
		{10BFB26B-D6F3-4B44-BE69-94C420B79C87}.Debug|Any CPU.ActiveCfg = Debug|Any CPU
		{10BFB26B-D6F3-4B44-BE69-94C420B79C87}.Debug|Any CPU.Build.0 = Debug|Any CPU
		{10BFB26B-D6F3-4B44-BE69-94C420B79C87}.Release|Any CPU.ActiveCfg = Release|Any CPU
		{10BFB26B-D6F3-4B44-BE69-94C420B79C87}.Release|Any CPU.Build.0 = Release|Any CPU
		{1DE0A77E-5BED-48C9-BED0-AB1AF526C5F3}.Debug|Any CPU.ActiveCfg = Debug|Any CPU
		{1DE0A77E-5BED-48C9-BED0-AB1AF526C5F3}.Debug|Any CPU.Build.0 = Debug|Any CPU
		{1DE0A77E-5BED-48C9-BED0-AB1AF526C5F3}.Release|Any CPU.ActiveCfg = Release|Any CPU
		{1DE0A77E-5BED-48C9-BED0-AB1AF526C5F3}.Release|Any CPU.Build.0 = Release|Any CPU
		{CA9383E9-1178-4390-BFFE-31F3FEED87CB}.Debug|Any CPU.ActiveCfg = Debug|Any CPU
		{CA9383E9-1178-4390-BFFE-31F3FEED87CB}.Debug|Any CPU.Build.0 = Debug|Any CPU
		{CA9383E9-1178-4390-BFFE-31F3FEED87CB}.Release|Any CPU.ActiveCfg = Release|Any CPU
		{CA9383E9-1178-4390-BFFE-31F3FEED87CB}.Release|Any CPU.Build.0 = Release|Any CPU
		{9955E4FF-89E4-4BCE-AB1E-AC9D272EB3C8}.Debug|Any CPU.ActiveCfg = Debug|Any CPU
		{9955E4FF-89E4-4BCE-AB1E-AC9D272EB3C8}.Debug|Any CPU.Build.0 = Debug|Any CPU
		{9955E4FF-89E4-4BCE-AB1E-AC9D272EB3C8}.Release|Any CPU.ActiveCfg = Release|Any CPU
		{9955E4FF-89E4-4BCE-AB1E-AC9D272EB3C8}.Release|Any CPU.Build.0 = Release|Any CPU
		{D3DD5D80-2441-4616-9AD3-2035C970D51E}.Debug|Any CPU.ActiveCfg = Debug|Any CPU
		{D3DD5D80-2441-4616-9AD3-2035C970D51E}.Debug|Any CPU.Build.0 = Debug|Any CPU
		{D3DD5D80-2441-4616-9AD3-2035C970D51E}.Release|Any CPU.ActiveCfg = Release|Any CPU
		{D3DD5D80-2441-4616-9AD3-2035C970D51E}.Release|Any CPU.Build.0 = Release|Any CPU
		{F36F8490-1ED1-4B5A-B93E-CE4F60E9034B}.Debug|Any CPU.ActiveCfg = Debug|Any CPU
		{F36F8490-1ED1-4B5A-B93E-CE4F60E9034B}.Debug|Any CPU.Build.0 = Debug|Any CPU
		{F36F8490-1ED1-4B5A-B93E-CE4F60E9034B}.Release|Any CPU.ActiveCfg = Release|Any CPU
		{F36F8490-1ED1-4B5A-B93E-CE4F60E9034B}.Release|Any CPU.Build.0 = Release|Any CPU
		{F95BE01D-0F17-49EB-AECC-4976FC2D04BD}.Debug|Any CPU.ActiveCfg = Debug|Any CPU
		{F95BE01D-0F17-49EB-AECC-4976FC2D04BD}.Debug|Any CPU.Build.0 = Debug|Any CPU
		{F95BE01D-0F17-49EB-AECC-4976FC2D04BD}.Release|Any CPU.ActiveCfg = Release|Any CPU
		{F95BE01D-0F17-49EB-AECC-4976FC2D04BD}.Release|Any CPU.Build.0 = Release|Any CPU
		{82CD8E81-3381-4E03-BCCB-80376771B489}.Debug|Any CPU.ActiveCfg = Debug|Any CPU
		{82CD8E81-3381-4E03-BCCB-80376771B489}.Debug|Any CPU.Build.0 = Debug|Any CPU
		{82CD8E81-3381-4E03-BCCB-80376771B489}.Release|Any CPU.ActiveCfg = Release|Any CPU
		{82CD8E81-3381-4E03-BCCB-80376771B489}.Release|Any CPU.Build.0 = Release|Any CPU
		{1F228F89-FB28-4447-B022-72DFEDAA9608}.Debug|Any CPU.ActiveCfg = Debug|Any CPU
		{1F228F89-FB28-4447-B022-72DFEDAA9608}.Debug|Any CPU.Build.0 = Debug|Any CPU
		{1F228F89-FB28-4447-B022-72DFEDAA9608}.Release|Any CPU.ActiveCfg = Release|Any CPU
		{1F228F89-FB28-4447-B022-72DFEDAA9608}.Release|Any CPU.Build.0 = Release|Any CPU
		{895280D1-2AA9-48B1-94E0-8F1F18718EF4}.Debug|Any CPU.ActiveCfg = Debug|Any CPU
		{895280D1-2AA9-48B1-94E0-8F1F18718EF4}.Debug|Any CPU.Build.0 = Debug|Any CPU
		{895280D1-2AA9-48B1-94E0-8F1F18718EF4}.Release|Any CPU.ActiveCfg = Release|Any CPU
		{895280D1-2AA9-48B1-94E0-8F1F18718EF4}.Release|Any CPU.Build.0 = Release|Any CPU
		{B259AC09-EDCB-44EA-BCD2-E60CD9880742}.Debug|Any CPU.ActiveCfg = Debug|Any CPU
		{B259AC09-EDCB-44EA-BCD2-E60CD9880742}.Debug|Any CPU.Build.0 = Debug|Any CPU
		{B259AC09-EDCB-44EA-BCD2-E60CD9880742}.Release|Any CPU.ActiveCfg = Release|Any CPU
		{B259AC09-EDCB-44EA-BCD2-E60CD9880742}.Release|Any CPU.Build.0 = Release|Any CPU
		{5BA4A35D-7B31-4764-9868-3A994AA0BE29}.Debug|Any CPU.ActiveCfg = Debug|Any CPU
		{5BA4A35D-7B31-4764-9868-3A994AA0BE29}.Debug|Any CPU.Build.0 = Debug|Any CPU
		{5BA4A35D-7B31-4764-9868-3A994AA0BE29}.Release|Any CPU.ActiveCfg = Release|Any CPU
		{5BA4A35D-7B31-4764-9868-3A994AA0BE29}.Release|Any CPU.Build.0 = Release|Any CPU
		{A47C723E-95CC-48DC-857C-41E4ECD82CD8}.Debug|Any CPU.ActiveCfg = Debug|Any CPU
		{A47C723E-95CC-48DC-857C-41E4ECD82CD8}.Debug|Any CPU.Build.0 = Debug|Any CPU
		{A47C723E-95CC-48DC-857C-41E4ECD82CD8}.Release|Any CPU.ActiveCfg = Release|Any CPU
		{A47C723E-95CC-48DC-857C-41E4ECD82CD8}.Release|Any CPU.Build.0 = Release|Any CPU
		{8FFBFF9A-DAC0-4215-AE39-2A1D47A02F88}.Debug|Any CPU.ActiveCfg = Debug|Any CPU
		{8FFBFF9A-DAC0-4215-AE39-2A1D47A02F88}.Debug|Any CPU.Build.0 = Debug|Any CPU
		{8FFBFF9A-DAC0-4215-AE39-2A1D47A02F88}.Release|Any CPU.ActiveCfg = Release|Any CPU
		{8FFBFF9A-DAC0-4215-AE39-2A1D47A02F88}.Release|Any CPU.Build.0 = Release|Any CPU
		{ED437AB7-5760-43FD-8488-E041412DA02C}.Debug|Any CPU.ActiveCfg = Debug|Any CPU
		{ED437AB7-5760-43FD-8488-E041412DA02C}.Debug|Any CPU.Build.0 = Debug|Any CPU
		{ED437AB7-5760-43FD-8488-E041412DA02C}.Release|Any CPU.ActiveCfg = Release|Any CPU
		{ED437AB7-5760-43FD-8488-E041412DA02C}.Release|Any CPU.Build.0 = Release|Any CPU
		{A3B6BB7F-85D1-441A-8726-428ADD399DC0}.Debug|Any CPU.ActiveCfg = Debug|Any CPU
		{A3B6BB7F-85D1-441A-8726-428ADD399DC0}.Debug|Any CPU.Build.0 = Debug|Any CPU
		{A3B6BB7F-85D1-441A-8726-428ADD399DC0}.Release|Any CPU.ActiveCfg = Release|Any CPU
		{A3B6BB7F-85D1-441A-8726-428ADD399DC0}.Release|Any CPU.Build.0 = Release|Any CPU
		{2E855693-4F95-412D-803C-9BC84209BB43}.Debug|Any CPU.ActiveCfg = Debug|Any CPU
		{2E855693-4F95-412D-803C-9BC84209BB43}.Debug|Any CPU.Build.0 = Debug|Any CPU
		{2E855693-4F95-412D-803C-9BC84209BB43}.Release|Any CPU.ActiveCfg = Release|Any CPU
		{2E855693-4F95-412D-803C-9BC84209BB43}.Release|Any CPU.Build.0 = Release|Any CPU
		{5F180410-8DC0-4B93-BF49-AC0170DB35A6}.Debug|Any CPU.ActiveCfg = Debug|Any CPU
		{5F180410-8DC0-4B93-BF49-AC0170DB35A6}.Debug|Any CPU.Build.0 = Debug|Any CPU
		{5F180410-8DC0-4B93-BF49-AC0170DB35A6}.Release|Any CPU.ActiveCfg = Release|Any CPU
		{5F180410-8DC0-4B93-BF49-AC0170DB35A6}.Release|Any CPU.Build.0 = Release|Any CPU
		{40E9418A-5B7F-4E36-A792-CC47D19CF4F1}.Debug|Any CPU.ActiveCfg = Debug|Any CPU
		{40E9418A-5B7F-4E36-A792-CC47D19CF4F1}.Debug|Any CPU.Build.0 = Debug|Any CPU
		{40E9418A-5B7F-4E36-A792-CC47D19CF4F1}.Release|Any CPU.ActiveCfg = Release|Any CPU
		{40E9418A-5B7F-4E36-A792-CC47D19CF4F1}.Release|Any CPU.Build.0 = Release|Any CPU
		{CE15B893-2812-45E6-AE18-F40F8334A67C}.Debug|Any CPU.ActiveCfg = Debug|Any CPU
		{CE15B893-2812-45E6-AE18-F40F8334A67C}.Debug|Any CPU.Build.0 = Debug|Any CPU
		{CE15B893-2812-45E6-AE18-F40F8334A67C}.Release|Any CPU.ActiveCfg = Release|Any CPU
		{CE15B893-2812-45E6-AE18-F40F8334A67C}.Release|Any CPU.Build.0 = Release|Any CPU
		{5E791E5C-C6AC-4B46-B72B-1AA0A54273A8}.Debug|Any CPU.ActiveCfg = Debug|Any CPU
		{5E791E5C-C6AC-4B46-B72B-1AA0A54273A8}.Debug|Any CPU.Build.0 = Debug|Any CPU
		{5E791E5C-C6AC-4B46-B72B-1AA0A54273A8}.Release|Any CPU.ActiveCfg = Release|Any CPU
		{5E791E5C-C6AC-4B46-B72B-1AA0A54273A8}.Release|Any CPU.Build.0 = Release|Any CPU
		{A776EDEF-24FC-4307-BF78-F4C5E8A4695E}.Debug|Any CPU.ActiveCfg = Debug|Any CPU
		{A776EDEF-24FC-4307-BF78-F4C5E8A4695E}.Debug|Any CPU.Build.0 = Debug|Any CPU
		{A776EDEF-24FC-4307-BF78-F4C5E8A4695E}.Release|Any CPU.ActiveCfg = Release|Any CPU
		{A776EDEF-24FC-4307-BF78-F4C5E8A4695E}.Release|Any CPU.Build.0 = Release|Any CPU
		{FF7AE547-ACD5-4A73-8A6D-E5D7BCE35590}.Debug|Any CPU.ActiveCfg = Debug|Any CPU
		{FF7AE547-ACD5-4A73-8A6D-E5D7BCE35590}.Debug|Any CPU.Build.0 = Debug|Any CPU
		{FF7AE547-ACD5-4A73-8A6D-E5D7BCE35590}.Release|Any CPU.ActiveCfg = Release|Any CPU
		{FF7AE547-ACD5-4A73-8A6D-E5D7BCE35590}.Release|Any CPU.Build.0 = Release|Any CPU
		{1FDDDA75-98E0-4B9A-BAC5-444B17272686}.Debug|Any CPU.ActiveCfg = Debug|Any CPU
		{1FDDDA75-98E0-4B9A-BAC5-444B17272686}.Debug|Any CPU.Build.0 = Debug|Any CPU
		{1FDDDA75-98E0-4B9A-BAC5-444B17272686}.Release|Any CPU.ActiveCfg = Release|Any CPU
		{1FDDDA75-98E0-4B9A-BAC5-444B17272686}.Release|Any CPU.Build.0 = Release|Any CPU
		{6BE84F94-018C-484C-8614-36935BF574A1}.Debug|Any CPU.ActiveCfg = Debug|Any CPU
		{6BE84F94-018C-484C-8614-36935BF574A1}.Debug|Any CPU.Build.0 = Debug|Any CPU
		{6BE84F94-018C-484C-8614-36935BF574A1}.Release|Any CPU.ActiveCfg = Release|Any CPU
		{6BE84F94-018C-484C-8614-36935BF574A1}.Release|Any CPU.Build.0 = Release|Any CPU
		{D334885C-5F20-4CDF-A28D-161286C2EE56}.Debug|Any CPU.ActiveCfg = Debug|Any CPU
		{D334885C-5F20-4CDF-A28D-161286C2EE56}.Debug|Any CPU.Build.0 = Debug|Any CPU
		{D334885C-5F20-4CDF-A28D-161286C2EE56}.Release|Any CPU.ActiveCfg = Release|Any CPU
		{D334885C-5F20-4CDF-A28D-161286C2EE56}.Release|Any CPU.Build.0 = Release|Any CPU
		{4DDDB1E3-2E0B-42EC-A1BD-70EA9B5BBF57}.Debug|Any CPU.ActiveCfg = Debug|Any CPU
		{4DDDB1E3-2E0B-42EC-A1BD-70EA9B5BBF57}.Debug|Any CPU.Build.0 = Debug|Any CPU
		{4DDDB1E3-2E0B-42EC-A1BD-70EA9B5BBF57}.Release|Any CPU.ActiveCfg = Release|Any CPU
		{4DDDB1E3-2E0B-42EC-A1BD-70EA9B5BBF57}.Release|Any CPU.Build.0 = Release|Any CPU
		{97CB02DD-4A27-4548-93B3-1865904D0589}.Debug|Any CPU.ActiveCfg = Debug|Any CPU
		{97CB02DD-4A27-4548-93B3-1865904D0589}.Debug|Any CPU.Build.0 = Debug|Any CPU
		{97CB02DD-4A27-4548-93B3-1865904D0589}.Release|Any CPU.ActiveCfg = Release|Any CPU
		{97CB02DD-4A27-4548-93B3-1865904D0589}.Release|Any CPU.Build.0 = Release|Any CPU
		{84702E73-8CD0-4F21-8B47-E714C39F25B6}.Debug|Any CPU.ActiveCfg = Debug|Any CPU
		{84702E73-8CD0-4F21-8B47-E714C39F25B6}.Debug|Any CPU.Build.0 = Debug|Any CPU
		{84702E73-8CD0-4F21-8B47-E714C39F25B6}.Release|Any CPU.ActiveCfg = Release|Any CPU
		{84702E73-8CD0-4F21-8B47-E714C39F25B6}.Release|Any CPU.Build.0 = Release|Any CPU
		{80B650B2-78E0-4638-B742-E2FC11D38776}.Debug|Any CPU.ActiveCfg = Debug|Any CPU
		{80B650B2-78E0-4638-B742-E2FC11D38776}.Debug|Any CPU.Build.0 = Debug|Any CPU
		{80B650B2-78E0-4638-B742-E2FC11D38776}.Release|Any CPU.ActiveCfg = Release|Any CPU
		{80B650B2-78E0-4638-B742-E2FC11D38776}.Release|Any CPU.Build.0 = Release|Any CPU
		{F125B42A-5596-4E03-8E43-7B4BE09008E7}.Debug|Any CPU.ActiveCfg = Debug|Any CPU
		{F125B42A-5596-4E03-8E43-7B4BE09008E7}.Debug|Any CPU.Build.0 = Debug|Any CPU
		{F125B42A-5596-4E03-8E43-7B4BE09008E7}.Release|Any CPU.ActiveCfg = Release|Any CPU
		{F125B42A-5596-4E03-8E43-7B4BE09008E7}.Release|Any CPU.Build.0 = Release|Any CPU
		{04164616-87CB-4725-A117-38D19D2A0C44}.Debug|Any CPU.ActiveCfg = Debug|Any CPU
		{04164616-87CB-4725-A117-38D19D2A0C44}.Debug|Any CPU.Build.0 = Debug|Any CPU
		{04164616-87CB-4725-A117-38D19D2A0C44}.Release|Any CPU.ActiveCfg = Release|Any CPU
		{04164616-87CB-4725-A117-38D19D2A0C44}.Release|Any CPU.Build.0 = Release|Any CPU
		{96BC601C-C7CE-4FBB-9BBE-9A71BF5AF8D3}.Debug|Any CPU.ActiveCfg = Debug|Any CPU
		{96BC601C-C7CE-4FBB-9BBE-9A71BF5AF8D3}.Debug|Any CPU.Build.0 = Debug|Any CPU
		{96BC601C-C7CE-4FBB-9BBE-9A71BF5AF8D3}.Release|Any CPU.ActiveCfg = Release|Any CPU
		{96BC601C-C7CE-4FBB-9BBE-9A71BF5AF8D3}.Release|Any CPU.Build.0 = Release|Any CPU
		{830738C4-6EAE-49E4-B1E7-8E13FB7083BC}.Debug|Any CPU.ActiveCfg = Debug|Any CPU
		{830738C4-6EAE-49E4-B1E7-8E13FB7083BC}.Debug|Any CPU.Build.0 = Debug|Any CPU
		{830738C4-6EAE-49E4-B1E7-8E13FB7083BC}.Release|Any CPU.ActiveCfg = Release|Any CPU
		{830738C4-6EAE-49E4-B1E7-8E13FB7083BC}.Release|Any CPU.Build.0 = Release|Any CPU
		{403DA74A-F4F8-4759-9B57-A4C289AB89ED}.Debug|Any CPU.ActiveCfg = Debug|Any CPU
		{403DA74A-F4F8-4759-9B57-A4C289AB89ED}.Debug|Any CPU.Build.0 = Debug|Any CPU
		{403DA74A-F4F8-4759-9B57-A4C289AB89ED}.Release|Any CPU.ActiveCfg = Release|Any CPU
		{403DA74A-F4F8-4759-9B57-A4C289AB89ED}.Release|Any CPU.Build.0 = Release|Any CPU
		{2786E644-D4AC-4342-B634-B9A3AF8ECAA8}.Debug|Any CPU.ActiveCfg = Debug|Any CPU
		{2786E644-D4AC-4342-B634-B9A3AF8ECAA8}.Debug|Any CPU.Build.0 = Debug|Any CPU
		{2786E644-D4AC-4342-B634-B9A3AF8ECAA8}.Release|Any CPU.ActiveCfg = Release|Any CPU
		{2786E644-D4AC-4342-B634-B9A3AF8ECAA8}.Release|Any CPU.Build.0 = Release|Any CPU
		{AD6B11D9-A130-489A-A262-C50F76E9F243}.Debug|Any CPU.ActiveCfg = Debug|Any CPU
		{AD6B11D9-A130-489A-A262-C50F76E9F243}.Debug|Any CPU.Build.0 = Debug|Any CPU
		{AD6B11D9-A130-489A-A262-C50F76E9F243}.Release|Any CPU.ActiveCfg = Release|Any CPU
		{AD6B11D9-A130-489A-A262-C50F76E9F243}.Release|Any CPU.Build.0 = Release|Any CPU
		{31C49E3E-D4C3-493D-9FB9-513BFE26813D}.Debug|Any CPU.ActiveCfg = Debug|Any CPU
		{31C49E3E-D4C3-493D-9FB9-513BFE26813D}.Debug|Any CPU.Build.0 = Debug|Any CPU
		{31C49E3E-D4C3-493D-9FB9-513BFE26813D}.Release|Any CPU.ActiveCfg = Release|Any CPU
		{31C49E3E-D4C3-493D-9FB9-513BFE26813D}.Release|Any CPU.Build.0 = Release|Any CPU
		{DD62893C-08CA-4E49-A143-F0BABB986715}.Debug|Any CPU.ActiveCfg = Debug|Any CPU
		{DD62893C-08CA-4E49-A143-F0BABB986715}.Debug|Any CPU.Build.0 = Debug|Any CPU
		{DD62893C-08CA-4E49-A143-F0BABB986715}.Release|Any CPU.ActiveCfg = Release|Any CPU
		{DD62893C-08CA-4E49-A143-F0BABB986715}.Release|Any CPU.Build.0 = Release|Any CPU
		{2E6DE381-98F8-4675-8373-B777957124C2}.Debug|Any CPU.ActiveCfg = Debug|Any CPU
		{2E6DE381-98F8-4675-8373-B777957124C2}.Debug|Any CPU.Build.0 = Debug|Any CPU
		{2E6DE381-98F8-4675-8373-B777957124C2}.Release|Any CPU.ActiveCfg = Release|Any CPU
		{2E6DE381-98F8-4675-8373-B777957124C2}.Release|Any CPU.Build.0 = Release|Any CPU
		{1257A4D8-C1C5-4EB1-B68B-7D129F3E86FF}.Debug|Any CPU.ActiveCfg = Debug|Any CPU
		{1257A4D8-C1C5-4EB1-B68B-7D129F3E86FF}.Debug|Any CPU.Build.0 = Debug|Any CPU
		{1257A4D8-C1C5-4EB1-B68B-7D129F3E86FF}.Release|Any CPU.ActiveCfg = Release|Any CPU
		{1257A4D8-C1C5-4EB1-B68B-7D129F3E86FF}.Release|Any CPU.Build.0 = Release|Any CPU
		{00F0E6D6-83F3-456A-8D95-EEE0617A3FF0}.Debug|Any CPU.ActiveCfg = Debug|Any CPU
		{00F0E6D6-83F3-456A-8D95-EEE0617A3FF0}.Debug|Any CPU.Build.0 = Debug|Any CPU
		{00F0E6D6-83F3-456A-8D95-EEE0617A3FF0}.Release|Any CPU.ActiveCfg = Release|Any CPU
		{00F0E6D6-83F3-456A-8D95-EEE0617A3FF0}.Release|Any CPU.Build.0 = Release|Any CPU
		{1A5B9064-B47D-456A-AC16-CAC9D3B0FF1B}.Debug|Any CPU.ActiveCfg = Debug|Any CPU
		{1A5B9064-B47D-456A-AC16-CAC9D3B0FF1B}.Debug|Any CPU.Build.0 = Debug|Any CPU
		{1A5B9064-B47D-456A-AC16-CAC9D3B0FF1B}.Release|Any CPU.ActiveCfg = Release|Any CPU
		{1A5B9064-B47D-456A-AC16-CAC9D3B0FF1B}.Release|Any CPU.Build.0 = Release|Any CPU
		{C2517C19-CFD7-492A-84B7-F6CE2D1D0115}.Debug|Any CPU.ActiveCfg = Debug|Any CPU
		{C2517C19-CFD7-492A-84B7-F6CE2D1D0115}.Debug|Any CPU.Build.0 = Debug|Any CPU
		{C2517C19-CFD7-492A-84B7-F6CE2D1D0115}.Release|Any CPU.ActiveCfg = Release|Any CPU
		{C2517C19-CFD7-492A-84B7-F6CE2D1D0115}.Release|Any CPU.Build.0 = Release|Any CPU
		{4B5321F0-D026-4977-84DF-6EB17966544D}.Debug|Any CPU.ActiveCfg = Debug|Any CPU
		{4B5321F0-D026-4977-84DF-6EB17966544D}.Debug|Any CPU.Build.0 = Debug|Any CPU
		{4B5321F0-D026-4977-84DF-6EB17966544D}.Release|Any CPU.ActiveCfg = Release|Any CPU
		{4B5321F0-D026-4977-84DF-6EB17966544D}.Release|Any CPU.Build.0 = Release|Any CPU
		{81ACCDF1-9555-49D4-AEE6-7B0EF83C88EE}.Debug|Any CPU.ActiveCfg = Debug|Any CPU
		{81ACCDF1-9555-49D4-AEE6-7B0EF83C88EE}.Debug|Any CPU.Build.0 = Debug|Any CPU
		{81ACCDF1-9555-49D4-AEE6-7B0EF83C88EE}.Release|Any CPU.ActiveCfg = Release|Any CPU
		{81ACCDF1-9555-49D4-AEE6-7B0EF83C88EE}.Release|Any CPU.Build.0 = Release|Any CPU
		{33A3B6CD-845C-4E77-99C8-CED0BFFFBB26}.Debug|Any CPU.ActiveCfg = Debug|Any CPU
		{33A3B6CD-845C-4E77-99C8-CED0BFFFBB26}.Debug|Any CPU.Build.0 = Debug|Any CPU
		{33A3B6CD-845C-4E77-99C8-CED0BFFFBB26}.Release|Any CPU.ActiveCfg = Release|Any CPU
		{33A3B6CD-845C-4E77-99C8-CED0BFFFBB26}.Release|Any CPU.Build.0 = Release|Any CPU
		{66C54B51-16B9-49A4-913E-38C642AD370D}.Debug|Any CPU.ActiveCfg = Debug|Any CPU
		{66C54B51-16B9-49A4-913E-38C642AD370D}.Debug|Any CPU.Build.0 = Debug|Any CPU
		{66C54B51-16B9-49A4-913E-38C642AD370D}.Release|Any CPU.ActiveCfg = Release|Any CPU
		{66C54B51-16B9-49A4-913E-38C642AD370D}.Release|Any CPU.Build.0 = Release|Any CPU
		{E047D89C-70C4-4CF8-895D-9947B7F54246}.Debug|Any CPU.ActiveCfg = Debug|Any CPU
		{E047D89C-70C4-4CF8-895D-9947B7F54246}.Debug|Any CPU.Build.0 = Debug|Any CPU
		{E047D89C-70C4-4CF8-895D-9947B7F54246}.Release|Any CPU.ActiveCfg = Release|Any CPU
		{E047D89C-70C4-4CF8-895D-9947B7F54246}.Release|Any CPU.Build.0 = Release|Any CPU
		{3C1A69E4-A194-46D2-8146-9B95084E811A}.Debug|Any CPU.ActiveCfg = Debug|Any CPU
		{3C1A69E4-A194-46D2-8146-9B95084E811A}.Debug|Any CPU.Build.0 = Debug|Any CPU
		{3C1A69E4-A194-46D2-8146-9B95084E811A}.Release|Any CPU.ActiveCfg = Release|Any CPU
		{3C1A69E4-A194-46D2-8146-9B95084E811A}.Release|Any CPU.Build.0 = Release|Any CPU
		{D3B2CF20-D373-4965-BA9E-A1D251333D74}.Debug|Any CPU.ActiveCfg = Debug|Any CPU
		{D3B2CF20-D373-4965-BA9E-A1D251333D74}.Debug|Any CPU.Build.0 = Debug|Any CPU
		{D3B2CF20-D373-4965-BA9E-A1D251333D74}.Release|Any CPU.ActiveCfg = Release|Any CPU
		{D3B2CF20-D373-4965-BA9E-A1D251333D74}.Release|Any CPU.Build.0 = Release|Any CPU
		{D71F9213-07FF-4042-A411-60F212434287}.Debug|Any CPU.ActiveCfg = Debug|Any CPU
		{D71F9213-07FF-4042-A411-60F212434287}.Debug|Any CPU.Build.0 = Debug|Any CPU
		{D71F9213-07FF-4042-A411-60F212434287}.Release|Any CPU.ActiveCfg = Release|Any CPU
		{D71F9213-07FF-4042-A411-60F212434287}.Release|Any CPU.Build.0 = Release|Any CPU
		{92A1131A-364F-421A-80C7-54FA63176C50}.Debug|Any CPU.ActiveCfg = Debug|Any CPU
		{92A1131A-364F-421A-80C7-54FA63176C50}.Debug|Any CPU.Build.0 = Debug|Any CPU
		{92A1131A-364F-421A-80C7-54FA63176C50}.Release|Any CPU.ActiveCfg = Release|Any CPU
		{92A1131A-364F-421A-80C7-54FA63176C50}.Release|Any CPU.Build.0 = Release|Any CPU
		{3C7CF867-4D81-42A6-8776-EB24C6CEB708}.Debug|Any CPU.ActiveCfg = Debug|Any CPU
		{3C7CF867-4D81-42A6-8776-EB24C6CEB708}.Debug|Any CPU.Build.0 = Debug|Any CPU
		{3C7CF867-4D81-42A6-8776-EB24C6CEB708}.Release|Any CPU.ActiveCfg = Release|Any CPU
		{3C7CF867-4D81-42A6-8776-EB24C6CEB708}.Release|Any CPU.Build.0 = Release|Any CPU
		{70CDC440-37F9-43A6-A65C-A1B3CDDB035C}.Debug|Any CPU.ActiveCfg = Debug|Any CPU
		{70CDC440-37F9-43A6-A65C-A1B3CDDB035C}.Debug|Any CPU.Build.0 = Debug|Any CPU
		{70CDC440-37F9-43A6-A65C-A1B3CDDB035C}.Release|Any CPU.ActiveCfg = Release|Any CPU
		{70CDC440-37F9-43A6-A65C-A1B3CDDB035C}.Release|Any CPU.Build.0 = Release|Any CPU
		{8E2DD512-CF53-4342-950F-9E202ACBD4ED}.Debug|Any CPU.ActiveCfg = Debug|Any CPU
		{8E2DD512-CF53-4342-950F-9E202ACBD4ED}.Debug|Any CPU.Build.0 = Debug|Any CPU
		{8E2DD512-CF53-4342-950F-9E202ACBD4ED}.Release|Any CPU.ActiveCfg = Release|Any CPU
		{8E2DD512-CF53-4342-950F-9E202ACBD4ED}.Release|Any CPU.Build.0 = Release|Any CPU
		{ACC95AEB-CE60-47A8-A8A1-35829F4E55BA}.Debug|Any CPU.ActiveCfg = Debug|Any CPU
		{ACC95AEB-CE60-47A8-A8A1-35829F4E55BA}.Debug|Any CPU.Build.0 = Debug|Any CPU
		{ACC95AEB-CE60-47A8-A8A1-35829F4E55BA}.Release|Any CPU.ActiveCfg = Release|Any CPU
		{ACC95AEB-CE60-47A8-A8A1-35829F4E55BA}.Release|Any CPU.Build.0 = Release|Any CPU
		{6DDBCECE-65D9-437B-AB4D-5452B742DCBC}.Debug|Any CPU.ActiveCfg = Debug|Any CPU
		{6DDBCECE-65D9-437B-AB4D-5452B742DCBC}.Debug|Any CPU.Build.0 = Debug|Any CPU
		{6DDBCECE-65D9-437B-AB4D-5452B742DCBC}.Release|Any CPU.ActiveCfg = Release|Any CPU
		{6DDBCECE-65D9-437B-AB4D-5452B742DCBC}.Release|Any CPU.Build.0 = Release|Any CPU
		{E7D6D1FF-E77C-4103-A507-5278E1F91A08}.Debug|Any CPU.ActiveCfg = Debug|Any CPU
		{E7D6D1FF-E77C-4103-A507-5278E1F91A08}.Debug|Any CPU.Build.0 = Debug|Any CPU
		{E7D6D1FF-E77C-4103-A507-5278E1F91A08}.Release|Any CPU.ActiveCfg = Release|Any CPU
		{E7D6D1FF-E77C-4103-A507-5278E1F91A08}.Release|Any CPU.Build.0 = Release|Any CPU
		{16F17BD4-7934-4D92-AD36-E8B86DAE76DE}.Debug|Any CPU.ActiveCfg = Debug|Any CPU
		{16F17BD4-7934-4D92-AD36-E8B86DAE76DE}.Debug|Any CPU.Build.0 = Debug|Any CPU
		{16F17BD4-7934-4D92-AD36-E8B86DAE76DE}.Release|Any CPU.ActiveCfg = Release|Any CPU
		{16F17BD4-7934-4D92-AD36-E8B86DAE76DE}.Release|Any CPU.Build.0 = Release|Any CPU
		{46AA8929-CB32-44BD-A234-C7B305AF864C}.Debug|Any CPU.ActiveCfg = Debug|Any CPU
		{46AA8929-CB32-44BD-A234-C7B305AF864C}.Debug|Any CPU.Build.0 = Debug|Any CPU
		{46AA8929-CB32-44BD-A234-C7B305AF864C}.Release|Any CPU.ActiveCfg = Release|Any CPU
		{46AA8929-CB32-44BD-A234-C7B305AF864C}.Release|Any CPU.Build.0 = Release|Any CPU
		{0154AAFA-986D-4151-80F4-71DC7D55DDB0}.Debug|Any CPU.ActiveCfg = Debug|Any CPU
		{0154AAFA-986D-4151-80F4-71DC7D55DDB0}.Debug|Any CPU.Build.0 = Debug|Any CPU
		{0154AAFA-986D-4151-80F4-71DC7D55DDB0}.Release|Any CPU.ActiveCfg = Release|Any CPU
		{0154AAFA-986D-4151-80F4-71DC7D55DDB0}.Release|Any CPU.Build.0 = Release|Any CPU
		{627B4ED4-891E-4EDA-84DF-D0F81E2F8D3D}.Debug|Any CPU.ActiveCfg = Debug|Any CPU
		{627B4ED4-891E-4EDA-84DF-D0F81E2F8D3D}.Debug|Any CPU.Build.0 = Debug|Any CPU
		{627B4ED4-891E-4EDA-84DF-D0F81E2F8D3D}.Release|Any CPU.ActiveCfg = Release|Any CPU
		{627B4ED4-891E-4EDA-84DF-D0F81E2F8D3D}.Release|Any CPU.Build.0 = Release|Any CPU
		{31C45502-5412-4E52-BCC5-FCD024C58A46}.Debug|Any CPU.ActiveCfg = Debug|Any CPU
		{31C45502-5412-4E52-BCC5-FCD024C58A46}.Debug|Any CPU.Build.0 = Debug|Any CPU
		{31C45502-5412-4E52-BCC5-FCD024C58A46}.Release|Any CPU.ActiveCfg = Release|Any CPU
		{31C45502-5412-4E52-BCC5-FCD024C58A46}.Release|Any CPU.Build.0 = Release|Any CPU
		{0B0AD596-FDE9-485C-8DC9-528921DA5B9D}.Debug|Any CPU.ActiveCfg = Debug|Any CPU
		{0B0AD596-FDE9-485C-8DC9-528921DA5B9D}.Debug|Any CPU.Build.0 = Debug|Any CPU
		{0B0AD596-FDE9-485C-8DC9-528921DA5B9D}.Release|Any CPU.ActiveCfg = Release|Any CPU
		{0B0AD596-FDE9-485C-8DC9-528921DA5B9D}.Release|Any CPU.Build.0 = Release|Any CPU
		{70F509D7-1562-4EA9-A4BC-1D001C1CF473}.Debug|Any CPU.ActiveCfg = Debug|Any CPU
		{70F509D7-1562-4EA9-A4BC-1D001C1CF473}.Debug|Any CPU.Build.0 = Debug|Any CPU
		{70F509D7-1562-4EA9-A4BC-1D001C1CF473}.Release|Any CPU.ActiveCfg = Release|Any CPU
		{70F509D7-1562-4EA9-A4BC-1D001C1CF473}.Release|Any CPU.Build.0 = Release|Any CPU
		{189028E5-E9B5-4778-8FC5-A7289FD3EC02}.Debug|Any CPU.ActiveCfg = Debug|Any CPU
		{189028E5-E9B5-4778-8FC5-A7289FD3EC02}.Debug|Any CPU.Build.0 = Debug|Any CPU
		{189028E5-E9B5-4778-8FC5-A7289FD3EC02}.Release|Any CPU.ActiveCfg = Release|Any CPU
		{189028E5-E9B5-4778-8FC5-A7289FD3EC02}.Release|Any CPU.Build.0 = Release|Any CPU
		{C0B1F1A1-1515-401F-B92C-2141EF8694CB}.Debug|Any CPU.ActiveCfg = Debug|Any CPU
		{C0B1F1A1-1515-401F-B92C-2141EF8694CB}.Debug|Any CPU.Build.0 = Debug|Any CPU
		{C0B1F1A1-1515-401F-B92C-2141EF8694CB}.Release|Any CPU.ActiveCfg = Release|Any CPU
		{C0B1F1A1-1515-401F-B92C-2141EF8694CB}.Release|Any CPU.Build.0 = Release|Any CPU
	EndGlobalSection
	GlobalSection(SolutionProperties) = preSolution
		HideSolutionNode = FALSE
	EndGlobalSection
EndGlobal
